
Microsoft Visual Studio Solution File, Format Version 12.00
# Visual Studio 15
VisualStudioVersion = 15.0.26730.16
MinimumVisualStudioVersion = 10.0.40219.1
Project("{FAE04EC0-301F-11D3-BF4B-00C04F79EFBC}") = "Codewars", "Kata\Codewars.csproj", "{9E277FFA-A3F5-4765-BD3C-CD243999CA69}"
EndProject
Project("{FAE04EC0-301F-11D3-BF4B-00C04F79EFBC}") = "CodewarsTests", "CodewarsTests\CodewarsTests.csproj", "{9DA68EE2-F7C2-4393-83D7-FAF014F166EA}"
EndProject
Global
	GlobalSection(SolutionConfigurationPlatforms) = preSolution
		Debug|Any CPU = Debug|Any CPU
		Release|Any CPU = Release|Any CPU
	EndGlobalSection
	GlobalSection(ProjectConfigurationPlatforms) = postSolution
		{9E277FFA-A3F5-4765-BD3C-CD243999CA69}.Debug|Any CPU.ActiveCfg = Debug|Any CPU
		{9E277FFA-A3F5-4765-BD3C-CD243999CA69}.Debug|Any CPU.Build.0 = Debug|Any CPU
		{9E277FFA-A3F5-4765-BD3C-CD243999CA69}.Release|Any CPU.ActiveCfg = Release|Any CPU
		{9E277FFA-A3F5-4765-BD3C-CD243999CA69}.Release|Any CPU.Build.0 = Release|Any CPU
		{9DA68EE2-F7C2-4393-83D7-FAF014F166EA}.Debug|Any CPU.ActiveCfg = Debug|Any CPU
		{9DA68EE2-F7C2-4393-83D7-FAF014F166EA}.Debug|Any CPU.Build.0 = Debug|Any CPU
		{9DA68EE2-F7C2-4393-83D7-FAF014F166EA}.Release|Any CPU.ActiveCfg = Release|Any CPU
		{9DA68EE2-F7C2-4393-83D7-FAF014F166EA}.Release|Any CPU.Build.0 = Release|Any CPU
	EndGlobalSection
	GlobalSection(SolutionProperties) = preSolution
		HideSolutionNode = FALSE
	EndGlobalSection
	GlobalSection(ExtensibilityGlobals) = postSolution
		SolutionGuid = {D4DA13F7-8A13-4C4A-9B05-5C1ACD266BC0}
	EndGlobalSection
EndGlobal
